
Microsoft Visual Studio Solution File, Format Version 12.00
# Visual Studio Version 16
VisualStudioVersion = 16.0.32106.194
MinimumVisualStudioVersion = 10.0.40219.1
Project("{FAE04EC0-301F-11D3-BF4B-00C04F79EFBC}") = "KlasorVeDosyaOlusturma", "KlasorVeDosyaOlusturma\KlasorVeDosyaOlusturma.csproj", "{D58CE6DD-A8F8-4414-B578-B4C37846EA7B}"
EndProject
Project("{FAE04EC0-301F-11D3-BF4B-00C04F79EFBC}") = "FakeDataUzerindenKlasorOlusturma1", "FakeDataUzerindenKlasorOlusturma1\FakeDataUzerindenKlasorOlusturma1.csproj", "{C61424F6-FF14-4039-B9B6-998A4DAE7257}"
EndProject
Global
	GlobalSection(SolutionConfigurationPlatforms) = preSolution
		Debug|Any CPU = Debug|Any CPU
		Release|Any CPU = Release|Any CPU
	EndGlobalSection
	GlobalSection(ProjectConfigurationPlatforms) = postSolution
		{D58CE6DD-A8F8-4414-B578-B4C37846EA7B}.Debug|Any CPU.ActiveCfg = Debug|Any CPU
		{D58CE6DD-A8F8-4414-B578-B4C37846EA7B}.Debug|Any CPU.Build.0 = Debug|Any CPU
		{D58CE6DD-A8F8-4414-B578-B4C37846EA7B}.Release|Any CPU.ActiveCfg = Release|Any CPU
		{D58CE6DD-A8F8-4414-B578-B4C37846EA7B}.Release|Any CPU.Build.0 = Release|Any CPU
		{C61424F6-FF14-4039-B9B6-998A4DAE7257}.Debug|Any CPU.ActiveCfg = Debug|Any CPU
		{C61424F6-FF14-4039-B9B6-998A4DAE7257}.Debug|Any CPU.Build.0 = Debug|Any CPU
		{C61424F6-FF14-4039-B9B6-998A4DAE7257}.Release|Any CPU.ActiveCfg = Release|Any CPU
		{C61424F6-FF14-4039-B9B6-998A4DAE7257}.Release|Any CPU.Build.0 = Release|Any CPU
	EndGlobalSection
	GlobalSection(SolutionProperties) = preSolution
		HideSolutionNode = FALSE
	EndGlobalSection
	GlobalSection(ExtensibilityGlobals) = postSolution
		SolutionGuid = {19652DAD-3A99-463A-A707-30DE06820787}
	EndGlobalSection
EndGlobal
